// !$*UTF8*$!
{
	archiveVersion = 1;
	classes = {
	};
	objectVersion = 50;
	objects = {

/* Begin PBXBuildFile section */
		92298045EE947EB707E84282 /* Pods_TravelistoV2.framework in Frameworks */ = {isa = PBXBuildFile; fileRef = DBB689482D521EFBA9058CBE /* Pods_TravelistoV2.framework */; };
		EF255F7C21173E2B00942F13 /* test2.swift in Sources */ = {isa = PBXBuildFile; fileRef = EF255F7B21173E2B00942F13 /* test2.swift */; };
		EF255F7E21175F1F00942F13 /* GoogleService-Info.plist in Resources */ = {isa = PBXBuildFile; fileRef = EF255F7D21175F1F00942F13 /* GoogleService-Info.plist */; };
		EF255FA7211BA7F400942F13 /* SF-Pro-Text-BoldItalic.otf in Resources */ = {isa = PBXBuildFile; fileRef = EF255F89211BA7F000942F13 /* SF-Pro-Text-BoldItalic.otf */; };
		EF255FA8211BA7F400942F13 /* SF-Pro-Display-Regular.otf in Resources */ = {isa = PBXBuildFile; fileRef = EF255F8A211BA7F000942F13 /* SF-Pro-Display-Regular.otf */; };
		EF255FA9211BA7F400942F13 /* SF-Pro-Display-LightItalic.otf in Resources */ = {isa = PBXBuildFile; fileRef = EF255F8B211BA7F100942F13 /* SF-Pro-Display-LightItalic.otf */; };
		EF255FAA211BA7F400942F13 /* SF-Pro-Display-RegularItalic.otf in Resources */ = {isa = PBXBuildFile; fileRef = EF255F8C211BA7F100942F13 /* SF-Pro-Display-RegularItalic.otf */; };
		EF255FAB211BA7F400942F13 /* SF-Pro-Text-HeavyItalic.otf in Resources */ = {isa = PBXBuildFile; fileRef = EF255F8D211BA7F100942F13 /* SF-Pro-Text-HeavyItalic.otf */; };
		EF255FAC211BA7F400942F13 /* SF-Pro-Display-MediumItalic.otf in Resources */ = {isa = PBXBuildFile; fileRef = EF255F8E211BA7F100942F13 /* SF-Pro-Display-MediumItalic.otf */; };
		EF255FAD211BA7F400942F13 /* SF-Pro-Text-MediumItalic.otf in Resources */ = {isa = PBXBuildFile; fileRef = EF255F8F211BA7F100942F13 /* SF-Pro-Text-MediumItalic.otf */; };
		EF255FAE211BA7F400942F13 /* SF-Pro-Display-BoldItalic.otf in Resources */ = {isa = PBXBuildFile; fileRef = EF255F90211BA7F100942F13 /* SF-Pro-Display-BoldItalic.otf */; };
		EF255FAF211BA7F400942F13 /* SF-Pro-Display-Ultralight.otf in Resources */ = {isa = PBXBuildFile; fileRef = EF255F91211BA7F100942F13 /* SF-Pro-Display-Ultralight.otf */; };
		EF255FB0211BA7F400942F13 /* SF-Pro-Display-SemiboldItalic.otf in Resources */ = {isa = PBXBuildFile; fileRef = EF255F92211BA7F100942F13 /* SF-Pro-Display-SemiboldItalic.otf */; };
		EF255FB1211BA7F400942F13 /* SF-Pro-Text-LightItalic.otf in Resources */ = {isa = PBXBuildFile; fileRef = EF255F93211BA7F100942F13 /* SF-Pro-Text-LightItalic.otf */; };
		EF255FB2211BA7F400942F13 /* SF-Pro-Display-Black.otf in Resources */ = {isa = PBXBuildFile; fileRef = EF255F94211BA7F100942F13 /* SF-Pro-Display-Black.otf */; };
		EF255FB3211BA7F400942F13 /* SF-Pro-Text-RegularItalic.otf in Resources */ = {isa = PBXBuildFile; fileRef = EF255F95211BA7F100942F13 /* SF-Pro-Text-RegularItalic.otf */; };
		EF255FB4211BA7F400942F13 /* SF-Pro-Display-BlackItalic.otf in Resources */ = {isa = PBXBuildFile; fileRef = EF255F96211BA7F100942F13 /* SF-Pro-Display-BlackItalic.otf */; };
		EF255FB5211BA7F400942F13 /* SF-Pro-Display-ThinItalic.otf in Resources */ = {isa = PBXBuildFile; fileRef = EF255F97211BA7F200942F13 /* SF-Pro-Display-ThinItalic.otf */; };
		EF255FB6211BA7F400942F13 /* SF-Pro-Display-UltralightItalic.otf in Resources */ = {isa = PBXBuildFile; fileRef = EF255F98211BA7F200942F13 /* SF-Pro-Display-UltralightItalic.otf */; };
		EF255FB7211BA7F400942F13 /* SF-Pro-Text-Bold.otf in Resources */ = {isa = PBXBuildFile; fileRef = EF255F99211BA7F200942F13 /* SF-Pro-Text-Bold.otf */; };
		EF255FB8211BA7F400942F13 /* SF-Pro-Text-Light.otf in Resources */ = {isa = PBXBuildFile; fileRef = EF255F9A211BA7F200942F13 /* SF-Pro-Text-Light.otf */; };
		EF255FB9211BA7F400942F13 /* SF-Pro-Text-Heavy.otf in Resources */ = {isa = PBXBuildFile; fileRef = EF255F9B211BA7F200942F13 /* SF-Pro-Text-Heavy.otf */; };
		EF255FBA211BA7F400942F13 /* SF-Pro-Display-Bold.otf in Resources */ = {isa = PBXBuildFile; fileRef = EF255F9C211BA7F200942F13 /* SF-Pro-Display-Bold.otf */; };
		EF255FBB211BA7F400942F13 /* SF-Pro-Display-Semibold.otf in Resources */ = {isa = PBXBuildFile; fileRef = EF255F9D211BA7F200942F13 /* SF-Pro-Display-Semibold.otf */; };
		EF255FBC211BA7F400942F13 /* SF-Pro-Text-Medium.otf in Resources */ = {isa = PBXBuildFile; fileRef = EF255F9E211BA7F200942F13 /* SF-Pro-Text-Medium.otf */; };
		EF255FBD211BA7F400942F13 /* SF-Pro-Display-Light.otf in Resources */ = {isa = PBXBuildFile; fileRef = EF255F9F211BA7F300942F13 /* SF-Pro-Display-Light.otf */; };
		EF255FBE211BA7F400942F13 /* SF-Pro-Display-HeavyItalic.otf in Resources */ = {isa = PBXBuildFile; fileRef = EF255FA0211BA7F300942F13 /* SF-Pro-Display-HeavyItalic.otf */; };
		EF255FBF211BA7F400942F13 /* SF-Pro-Text-Semibold.otf in Resources */ = {isa = PBXBuildFile; fileRef = EF255FA1211BA7F300942F13 /* SF-Pro-Text-Semibold.otf */; };
		EF255FC0211BA7F400942F13 /* SF-Pro-Text-Regular.otf in Resources */ = {isa = PBXBuildFile; fileRef = EF255FA2211BA7F300942F13 /* SF-Pro-Text-Regular.otf */; };
		EF255FC1211BA7F400942F13 /* SF-Pro-Text-SemiboldItalic.otf in Resources */ = {isa = PBXBuildFile; fileRef = EF255FA3211BA7F300942F13 /* SF-Pro-Text-SemiboldItalic.otf */; };
		EF255FC2211BA7F400942F13 /* SF-Pro-Display-Heavy.otf in Resources */ = {isa = PBXBuildFile; fileRef = EF255FA4211BA7F300942F13 /* SF-Pro-Display-Heavy.otf */; };
		EF255FC3211BA7F400942F13 /* SF-Pro-Display-Thin.otf in Resources */ = {isa = PBXBuildFile; fileRef = EF255FA5211BA7F400942F13 /* SF-Pro-Display-Thin.otf */; };
		EF255FC4211BA7F400942F13 /* SF-Pro-Display-Medium.otf in Resources */ = {isa = PBXBuildFile; fileRef = EF255FA6211BA7F400942F13 /* SF-Pro-Display-Medium.otf */; };
		EF255FC6211BAB9900942F13 /* Colors.xcassets in Resources */ = {isa = PBXBuildFile; fileRef = EF255FC5211BAB9900942F13 /* Colors.xcassets */; };
		EF255FCA211BBEFB00942F13 /* OnboardingViewController.swift in Sources */ = {isa = PBXBuildFile; fileRef = EF255FC9211BBEFB00942F13 /* OnboardingViewController.swift */; };
		EF255FCC211BCE7100942F13 /* OnboardingCollectionViewCell.swift in Sources */ = {isa = PBXBuildFile; fileRef = EF255FCB211BCE7100942F13 /* OnboardingCollectionViewCell.swift */; };
		EF255FCF211C226900942F13 /* CustomButton.swift in Sources */ = {isa = PBXBuildFile; fileRef = EF255FCE211C226900942F13 /* CustomButton.swift */; };
		EF255FD4211C2E6C00942F13 /* SignInViewController.swift in Sources */ = {isa = PBXBuildFile; fileRef = EF255FD3211C2E6C00942F13 /* SignInViewController.swift */; };
		EF255FD8211C3AD300942F13 /* CustomTextField.swift in Sources */ = {isa = PBXBuildFile; fileRef = EF255FD7211C3AD300942F13 /* CustomTextField.swift */; };
		EF255FDB211C48F200942F13 /* ResetPasswordViewController.swift in Sources */ = {isa = PBXBuildFile; fileRef = EF255FDA211C48F200942F13 /* ResetPasswordViewController.swift */; };
		EF255FDD211C492700942F13 /* UIViewController+Extensions.swift in Sources */ = {isa = PBXBuildFile; fileRef = EF255FDC211C492700942F13 /* UIViewController+Extensions.swift */; };
		EF255FE0211C4A4100942F13 /* CreateAccountViewController.swift in Sources */ = {isa = PBXBuildFile; fileRef = EF255FDF211C4A4100942F13 /* CreateAccountViewController.swift */; };
		EF255FE2211C6D4700942F13 /* AuthService.swift in Sources */ = {isa = PBXBuildFile; fileRef = EF255FE1211C6D4700942F13 /* AuthService.swift */; };
		EFA8C8292116605D00F179B9 /* AppDelegate.swift in Sources */ = {isa = PBXBuildFile; fileRef = EFA8C8282116605D00F179B9 /* AppDelegate.swift */; };
		EFA8C82B2116605D00F179B9 /* RevealingSplashViewController.swift in Sources */ = {isa = PBXBuildFile; fileRef = EFA8C82A2116605D00F179B9 /* RevealingSplashViewController.swift */; };
		EFA8C82E2116605D00F179B9 /* Main.storyboard in Resources */ = {isa = PBXBuildFile; fileRef = EFA8C82C2116605D00F179B9 /* Main.storyboard */; };
		EFA8C8302116605F00F179B9 /* Assets.xcassets in Resources */ = {isa = PBXBuildFile; fileRef = EFA8C82F2116605F00F179B9 /* Assets.xcassets */; };
		EFA8C8332116605F00F179B9 /* LaunchScreen.storyboard in Resources */ = {isa = PBXBuildFile; fileRef = EFA8C8312116605F00F179B9 /* LaunchScreen.storyboard */; };
		EFA8C83B21172C6600F179B9 /* key.swift in Sources */ = {isa = PBXBuildFile; fileRef = EFA8C83A21172C6600F179B9 /* key.swift */; };
		EFA8C83D21172C7400F179B9 /* test.swift in Sources */ = {isa = PBXBuildFile; fileRef = EFA8C83C21172C7400F179B9 /* test.swift */; };
/* End PBXBuildFile section */

/* Begin PBXFileReference section */
		BB5AA9B267CE4D8B9E57B38F /* Pods-TravelistoV2.debug.xcconfig */ = {isa = PBXFileReference; includeInIndex = 1; lastKnownFileType = text.xcconfig; name = "Pods-TravelistoV2.debug.xcconfig"; path = "Pods/Target Support Files/Pods-TravelistoV2/Pods-TravelistoV2.debug.xcconfig"; sourceTree = "<group>"; };
		C42EA45687200C73AB7EE5C8 /* Pods-TravelistoV2.release.xcconfig */ = {isa = PBXFileReference; includeInIndex = 1; lastKnownFileType = text.xcconfig; name = "Pods-TravelistoV2.release.xcconfig"; path = "Pods/Target Support Files/Pods-TravelistoV2/Pods-TravelistoV2.release.xcconfig"; sourceTree = "<group>"; };
		DBB689482D521EFBA9058CBE /* Pods_TravelistoV2.framework */ = {isa = PBXFileReference; explicitFileType = wrapper.framework; includeInIndex = 0; path = Pods_TravelistoV2.framework; sourceTree = BUILT_PRODUCTS_DIR; };
		EF255F7B21173E2B00942F13 /* test2.swift */ = {isa = PBXFileReference; lastKnownFileType = sourcecode.swift; path = test2.swift; sourceTree = "<group>"; };
		EF255F7D21175F1F00942F13 /* GoogleService-Info.plist */ = {isa = PBXFileReference; fileEncoding = 4; lastKnownFileType = text.plist.xml; path = "GoogleService-Info.plist"; sourceTree = "<group>"; };
		EF255F89211BA7F000942F13 /* SF-Pro-Text-BoldItalic.otf */ = {isa = PBXFileReference; lastKnownFileType = file; path = "SF-Pro-Text-BoldItalic.otf"; sourceTree = "<group>"; };
		EF255F8A211BA7F000942F13 /* SF-Pro-Display-Regular.otf */ = {isa = PBXFileReference; lastKnownFileType = file; path = "SF-Pro-Display-Regular.otf"; sourceTree = "<group>"; };
		EF255F8B211BA7F100942F13 /* SF-Pro-Display-LightItalic.otf */ = {isa = PBXFileReference; lastKnownFileType = file; path = "SF-Pro-Display-LightItalic.otf"; sourceTree = "<group>"; };
		EF255F8C211BA7F100942F13 /* SF-Pro-Display-RegularItalic.otf */ = {isa = PBXFileReference; lastKnownFileType = file; path = "SF-Pro-Display-RegularItalic.otf"; sourceTree = "<group>"; };
		EF255F8D211BA7F100942F13 /* SF-Pro-Text-HeavyItalic.otf */ = {isa = PBXFileReference; lastKnownFileType = file; path = "SF-Pro-Text-HeavyItalic.otf"; sourceTree = "<group>"; };
		EF255F8E211BA7F100942F13 /* SF-Pro-Display-MediumItalic.otf */ = {isa = PBXFileReference; lastKnownFileType = file; path = "SF-Pro-Display-MediumItalic.otf"; sourceTree = "<group>"; };
		EF255F8F211BA7F100942F13 /* SF-Pro-Text-MediumItalic.otf */ = {isa = PBXFileReference; lastKnownFileType = file; path = "SF-Pro-Text-MediumItalic.otf"; sourceTree = "<group>"; };
		EF255F90211BA7F100942F13 /* SF-Pro-Display-BoldItalic.otf */ = {isa = PBXFileReference; lastKnownFileType = file; path = "SF-Pro-Display-BoldItalic.otf"; sourceTree = "<group>"; };
		EF255F91211BA7F100942F13 /* SF-Pro-Display-Ultralight.otf */ = {isa = PBXFileReference; lastKnownFileType = file; path = "SF-Pro-Display-Ultralight.otf"; sourceTree = "<group>"; };
		EF255F92211BA7F100942F13 /* SF-Pro-Display-SemiboldItalic.otf */ = {isa = PBXFileReference; lastKnownFileType = file; path = "SF-Pro-Display-SemiboldItalic.otf"; sourceTree = "<group>"; };
		EF255F93211BA7F100942F13 /* SF-Pro-Text-LightItalic.otf */ = {isa = PBXFileReference; lastKnownFileType = file; path = "SF-Pro-Text-LightItalic.otf"; sourceTree = "<group>"; };
		EF255F94211BA7F100942F13 /* SF-Pro-Display-Black.otf */ = {isa = PBXFileReference; lastKnownFileType = file; path = "SF-Pro-Display-Black.otf"; sourceTree = "<group>"; };
		EF255F95211BA7F100942F13 /* SF-Pro-Text-RegularItalic.otf */ = {isa = PBXFileReference; lastKnownFileType = file; path = "SF-Pro-Text-RegularItalic.otf"; sourceTree = "<group>"; };
		EF255F96211BA7F100942F13 /* SF-Pro-Display-BlackItalic.otf */ = {isa = PBXFileReference; lastKnownFileType = file; path = "SF-Pro-Display-BlackItalic.otf"; sourceTree = "<group>"; };
		EF255F97211BA7F200942F13 /* SF-Pro-Display-ThinItalic.otf */ = {isa = PBXFileReference; lastKnownFileType = file; path = "SF-Pro-Display-ThinItalic.otf"; sourceTree = "<group>"; };
		EF255F98211BA7F200942F13 /* SF-Pro-Display-UltralightItalic.otf */ = {isa = PBXFileReference; lastKnownFileType = file; path = "SF-Pro-Display-UltralightItalic.otf"; sourceTree = "<group>"; };
		EF255F99211BA7F200942F13 /* SF-Pro-Text-Bold.otf */ = {isa = PBXFileReference; lastKnownFileType = file; path = "SF-Pro-Text-Bold.otf"; sourceTree = "<group>"; };
		EF255F9A211BA7F200942F13 /* SF-Pro-Text-Light.otf */ = {isa = PBXFileReference; lastKnownFileType = file; path = "SF-Pro-Text-Light.otf"; sourceTree = "<group>"; };
		EF255F9B211BA7F200942F13 /* SF-Pro-Text-Heavy.otf */ = {isa = PBXFileReference; lastKnownFileType = file; path = "SF-Pro-Text-Heavy.otf"; sourceTree = "<group>"; };
		EF255F9C211BA7F200942F13 /* SF-Pro-Display-Bold.otf */ = {isa = PBXFileReference; lastKnownFileType = file; path = "SF-Pro-Display-Bold.otf"; sourceTree = "<group>"; };
		EF255F9D211BA7F200942F13 /* SF-Pro-Display-Semibold.otf */ = {isa = PBXFileReference; lastKnownFileType = file; path = "SF-Pro-Display-Semibold.otf"; sourceTree = "<group>"; };
		EF255F9E211BA7F200942F13 /* SF-Pro-Text-Medium.otf */ = {isa = PBXFileReference; lastKnownFileType = file; path = "SF-Pro-Text-Medium.otf"; sourceTree = "<group>"; };
		EF255F9F211BA7F300942F13 /* SF-Pro-Display-Light.otf */ = {isa = PBXFileReference; lastKnownFileType = file; path = "SF-Pro-Display-Light.otf"; sourceTree = "<group>"; };
		EF255FA0211BA7F300942F13 /* SF-Pro-Display-HeavyItalic.otf */ = {isa = PBXFileReference; lastKnownFileType = file; path = "SF-Pro-Display-HeavyItalic.otf"; sourceTree = "<group>"; };
		EF255FA1211BA7F300942F13 /* SF-Pro-Text-Semibold.otf */ = {isa = PBXFileReference; lastKnownFileType = file; path = "SF-Pro-Text-Semibold.otf"; sourceTree = "<group>"; };
		EF255FA2211BA7F300942F13 /* SF-Pro-Text-Regular.otf */ = {isa = PBXFileReference; lastKnownFileType = file; path = "SF-Pro-Text-Regular.otf"; sourceTree = "<group>"; };
		EF255FA3211BA7F300942F13 /* SF-Pro-Text-SemiboldItalic.otf */ = {isa = PBXFileReference; lastKnownFileType = file; path = "SF-Pro-Text-SemiboldItalic.otf"; sourceTree = "<group>"; };
		EF255FA4211BA7F300942F13 /* SF-Pro-Display-Heavy.otf */ = {isa = PBXFileReference; lastKnownFileType = file; path = "SF-Pro-Display-Heavy.otf"; sourceTree = "<group>"; };
		EF255FA5211BA7F400942F13 /* SF-Pro-Display-Thin.otf */ = {isa = PBXFileReference; lastKnownFileType = file; path = "SF-Pro-Display-Thin.otf"; sourceTree = "<group>"; };
		EF255FA6211BA7F400942F13 /* SF-Pro-Display-Medium.otf */ = {isa = PBXFileReference; lastKnownFileType = file; path = "SF-Pro-Display-Medium.otf"; sourceTree = "<group>"; };
		EF255FC5211BAB9900942F13 /* Colors.xcassets */ = {isa = PBXFileReference; lastKnownFileType = folder.assetcatalog; path = Colors.xcassets; sourceTree = "<group>"; };
		EF255FC9211BBEFB00942F13 /* OnboardingViewController.swift */ = {isa = PBXFileReference; lastKnownFileType = sourcecode.swift; path = OnboardingViewController.swift; sourceTree = "<group>"; };
		EF255FCB211BCE7100942F13 /* OnboardingCollectionViewCell.swift */ = {isa = PBXFileReference; lastKnownFileType = sourcecode.swift; path = OnboardingCollectionViewCell.swift; sourceTree = "<group>"; };
		EF255FCE211C226900942F13 /* CustomButton.swift */ = {isa = PBXFileReference; lastKnownFileType = sourcecode.swift; path = CustomButton.swift; sourceTree = "<group>"; };
		EF255FD3211C2E6C00942F13 /* SignInViewController.swift */ = {isa = PBXFileReference; lastKnownFileType = sourcecode.swift; path = SignInViewController.swift; sourceTree = "<group>"; };
		EF255FD7211C3AD300942F13 /* CustomTextField.swift */ = {isa = PBXFileReference; lastKnownFileType = sourcecode.swift; path = CustomTextField.swift; sourceTree = "<group>"; };
		EF255FDA211C48F200942F13 /* ResetPasswordViewController.swift */ = {isa = PBXFileReference; lastKnownFileType = sourcecode.swift; path = ResetPasswordViewController.swift; sourceTree = "<group>"; };
		EF255FDC211C492700942F13 /* UIViewController+Extensions.swift */ = {isa = PBXFileReference; lastKnownFileType = sourcecode.swift; path = "UIViewController+Extensions.swift"; sourceTree = "<group>"; };
		EF255FDF211C4A4100942F13 /* CreateAccountViewController.swift */ = {isa = PBXFileReference; lastKnownFileType = sourcecode.swift; path = CreateAccountViewController.swift; sourceTree = "<group>"; };
		EF255FE1211C6D4700942F13 /* AuthService.swift */ = {isa = PBXFileReference; lastKnownFileType = sourcecode.swift; path = AuthService.swift; sourceTree = "<group>"; };
		EFA8C8252116605D00F179B9 /* TravelistoV2.app */ = {isa = PBXFileReference; explicitFileType = wrapper.application; includeInIndex = 0; path = TravelistoV2.app; sourceTree = BUILT_PRODUCTS_DIR; };
		EFA8C8282116605D00F179B9 /* AppDelegate.swift */ = {isa = PBXFileReference; lastKnownFileType = sourcecode.swift; path = AppDelegate.swift; sourceTree = "<group>"; };
		EFA8C82A2116605D00F179B9 /* RevealingSplashViewController.swift */ = {isa = PBXFileReference; lastKnownFileType = sourcecode.swift; path = RevealingSplashViewController.swift; sourceTree = "<group>"; };
		EFA8C82D2116605D00F179B9 /* Base */ = {isa = PBXFileReference; lastKnownFileType = file.storyboard; name = Base; path = Base.lproj/Main.storyboard; sourceTree = "<group>"; };
		EFA8C82F2116605F00F179B9 /* Assets.xcassets */ = {isa = PBXFileReference; lastKnownFileType = folder.assetcatalog; path = Assets.xcassets; sourceTree = "<group>"; };
		EFA8C8322116605F00F179B9 /* Base */ = {isa = PBXFileReference; lastKnownFileType = file.storyboard; name = Base; path = Base.lproj/LaunchScreen.storyboard; sourceTree = "<group>"; };
		EFA8C8342116605F00F179B9 /* Info.plist */ = {isa = PBXFileReference; lastKnownFileType = text.plist.xml; path = Info.plist; sourceTree = "<group>"; };
		EFA8C83A21172C6600F179B9 /* key.swift */ = {isa = PBXFileReference; lastKnownFileType = sourcecode.swift; path = key.swift; sourceTree = "<group>"; };
		EFA8C83C21172C7400F179B9 /* test.swift */ = {isa = PBXFileReference; lastKnownFileType = sourcecode.swift; path = test.swift; sourceTree = "<group>"; };
/* End PBXFileReference section */

/* Begin PBXFrameworksBuildPhase section */
		EFA8C8222116605D00F179B9 /* Frameworks */ = {
			isa = PBXFrameworksBuildPhase;
			buildActionMask = 2147483647;
			files = (
				92298045EE947EB707E84282 /* Pods_TravelistoV2.framework in Frameworks */,
			);
			runOnlyForDeploymentPostprocessing = 0;
		};
/* End PBXFrameworksBuildPhase section */

/* Begin PBXGroup section */
		26750A1F1EB3E885359ADBF2 /* Frameworks */ = {
			isa = PBXGroup;
			children = (
				DBB689482D521EFBA9058CBE /* Pods_TravelistoV2.framework */,
			);
			name = Frameworks;
			sourceTree = "<group>";
		};
		285BAA2F186E44D4D5CB6B4E /* Pods */ = {
			isa = PBXGroup;
			children = (
				BB5AA9B267CE4D8B9E57B38F /* Pods-TravelistoV2.debug.xcconfig */,
				C42EA45687200C73AB7EE5C8 /* Pods-TravelistoV2.release.xcconfig */,
			);
			name = Pods;
			sourceTree = "<group>";
		};
		EF255F83211B9F3400942F13 /* Resources */ = {
			isa = PBXGroup;
			children = (
				EF255F94211BA7F100942F13 /* SF-Pro-Display-Black.otf */,
				EF255F96211BA7F100942F13 /* SF-Pro-Display-BlackItalic.otf */,
				EF255F9C211BA7F200942F13 /* SF-Pro-Display-Bold.otf */,
				EF255F90211BA7F100942F13 /* SF-Pro-Display-BoldItalic.otf */,
				EF255FA4211BA7F300942F13 /* SF-Pro-Display-Heavy.otf */,
				EF255FA0211BA7F300942F13 /* SF-Pro-Display-HeavyItalic.otf */,
				EF255F9F211BA7F300942F13 /* SF-Pro-Display-Light.otf */,
				EF255F8B211BA7F100942F13 /* SF-Pro-Display-LightItalic.otf */,
				EF255FA6211BA7F400942F13 /* SF-Pro-Display-Medium.otf */,
				EF255F8E211BA7F100942F13 /* SF-Pro-Display-MediumItalic.otf */,
				EF255F8A211BA7F000942F13 /* SF-Pro-Display-Regular.otf */,
				EF255F8C211BA7F100942F13 /* SF-Pro-Display-RegularItalic.otf */,
				EF255F9D211BA7F200942F13 /* SF-Pro-Display-Semibold.otf */,
				EF255F92211BA7F100942F13 /* SF-Pro-Display-SemiboldItalic.otf */,
				EF255FA5211BA7F400942F13 /* SF-Pro-Display-Thin.otf */,
				EF255F97211BA7F200942F13 /* SF-Pro-Display-ThinItalic.otf */,
				EF255F91211BA7F100942F13 /* SF-Pro-Display-Ultralight.otf */,
				EF255F98211BA7F200942F13 /* SF-Pro-Display-UltralightItalic.otf */,
				EF255F99211BA7F200942F13 /* SF-Pro-Text-Bold.otf */,
				EF255F89211BA7F000942F13 /* SF-Pro-Text-BoldItalic.otf */,
				EF255F9B211BA7F200942F13 /* SF-Pro-Text-Heavy.otf */,
				EF255F8D211BA7F100942F13 /* SF-Pro-Text-HeavyItalic.otf */,
				EF255F9A211BA7F200942F13 /* SF-Pro-Text-Light.otf */,
				EF255F93211BA7F100942F13 /* SF-Pro-Text-LightItalic.otf */,
				EF255F9E211BA7F200942F13 /* SF-Pro-Text-Medium.otf */,
				EF255F8F211BA7F100942F13 /* SF-Pro-Text-MediumItalic.otf */,
				EF255FA2211BA7F300942F13 /* SF-Pro-Text-Regular.otf */,
				EF255F95211BA7F100942F13 /* SF-Pro-Text-RegularItalic.otf */,
				EF255FA1211BA7F300942F13 /* SF-Pro-Text-Semibold.otf */,
				EF255FA3211BA7F300942F13 /* SF-Pro-Text-SemiboldItalic.otf */,
			);
			path = Resources;
			sourceTree = "<group>";
		};
		EF255FC7211BB7A500942F13 /* RevealingSplashVC */ = {
			isa = PBXGroup;
			children = (
				EFA8C82A2116605D00F179B9 /* RevealingSplashViewController.swift */,
			);
			path = RevealingSplashVC;
			sourceTree = "<group>";
		};
		EF255FC8211BBEAA00942F13 /* Onboarding */ = {
			isa = PBXGroup;
			children = (
				EF255FC9211BBEFB00942F13 /* OnboardingViewController.swift */,
				EF255FCB211BCE7100942F13 /* OnboardingCollectionViewCell.swift */,
			);
			path = Onboarding;
			sourceTree = "<group>";
		};
		EF255FCD211C225300942F13 /* Custom */ = {
			isa = PBXGroup;
			children = (
				EF255FCE211C226900942F13 /* CustomButton.swift */,
				EF255FD7211C3AD300942F13 /* CustomTextField.swift */,
				EF255FDC211C492700942F13 /* UIViewController+Extensions.swift */,
			);
			path = Custom;
			sourceTree = "<group>";
		};
		EF255FD0211C2E0500942F13 /* Sign In */ = {
			isa = PBXGroup;
			children = (
				EF255FD3211C2E6C00942F13 /* SignInViewController.swift */,
				EF255FE1211C6D4700942F13 /* AuthService.swift */,
			);
			path = "Sign In";
			sourceTree = "<group>";
		};
		EF255FD9211C48D300942F13 /* Reset Password */ = {
			isa = PBXGroup;
			children = (
				EF255FDA211C48F200942F13 /* ResetPasswordViewController.swift */,
			);
			path = "Reset Password";
			sourceTree = "<group>";
		};
		EF255FDE211C4A2900942F13 /* Create Account */ = {
			isa = PBXGroup;
			children = (
				EF255FDF211C4A4100942F13 /* CreateAccountViewController.swift */,
			);
			path = "Create Account";
			sourceTree = "<group>";
		};
		EFA8C81C2116605D00F179B9 = {
			isa = PBXGroup;
			children = (
				EFA8C8272116605D00F179B9 /* TravelistoV2 */,
				EFA8C8262116605D00F179B9 /* Products */,
				285BAA2F186E44D4D5CB6B4E /* Pods */,
				26750A1F1EB3E885359ADBF2 /* Frameworks */,
			);
			sourceTree = "<group>";
		};
		EFA8C8262116605D00F179B9 /* Products */ = {
			isa = PBXGroup;
			children = (
				EFA8C8252116605D00F179B9 /* TravelistoV2.app */,
			);
			name = Products;
			sourceTree = "<group>";
		};
		EFA8C8272116605D00F179B9 /* TravelistoV2 */ = {
			isa = PBXGroup;
			children = (
				EF255FCD211C225300942F13 /* Custom */,
				EF255FC8211BBEAA00942F13 /* Onboarding */,
				EF255FD0211C2E0500942F13 /* Sign In */,
				EF255FD9211C48D300942F13 /* Reset Password */,
				EF255FDE211C4A2900942F13 /* Create Account */,
				EF255FC7211BB7A500942F13 /* RevealingSplashVC */,
				EFA8C8282116605D00F179B9 /* AppDelegate.swift */,
				EFA8C83A21172C6600F179B9 /* key.swift */,
				EFA8C82C2116605D00F179B9 /* Main.storyboard */,
				EFA8C82F2116605F00F179B9 /* Assets.xcassets */,
				EF255FC5211BAB9900942F13 /* Colors.xcassets */,
				EFA8C8312116605F00F179B9 /* LaunchScreen.storyboard */,
				EFA8C8342116605F00F179B9 /* Info.plist */,
				EF255F7D21175F1F00942F13 /* GoogleService-Info.plist */,
				EFA8C83C21172C7400F179B9 /* test.swift */,
				EF255F7B21173E2B00942F13 /* test2.swift */,
				EF255F83211B9F3400942F13 /* Resources */,
			);
			path = TravelistoV2;
			sourceTree = "<group>";
		};
/* End PBXGroup section */

/* Begin PBXNativeTarget section */
		EFA8C8242116605D00F179B9 /* TravelistoV2 */ = {
			isa = PBXNativeTarget;
			buildConfigurationList = EFA8C8372116605F00F179B9 /* Build configuration list for PBXNativeTarget "TravelistoV2" */;
			buildPhases = (
				AB1891D6859EB3CFC79B7D7B /* [CP] Check Pods Manifest.lock */,
				EFA8C8212116605D00F179B9 /* Sources */,
				EFA8C8222116605D00F179B9 /* Frameworks */,
				EFA8C8232116605D00F179B9 /* Resources */,
				262D9F2F6D753E96C0471677 /* [CP] Embed Pods Frameworks */,
			);
			buildRules = (
			);
			dependencies = (
			);
			name = TravelistoV2;
			productName = TravelistoV2;
			productReference = EFA8C8252116605D00F179B9 /* TravelistoV2.app */;
			productType = "com.apple.product-type.application";
		};
/* End PBXNativeTarget section */

/* Begin PBXProject section */
		EFA8C81D2116605D00F179B9 /* Project object */ = {
			isa = PBXProject;
			attributes = {
				LastSwiftUpdateCheck = 0940;
				LastUpgradeCheck = 0940;
				ORGANIZATIONNAME = "Chidi Emeh";
				TargetAttributes = {
					EFA8C8242116605D00F179B9 = {
						CreatedOnToolsVersion = 9.4.1;
					};
				};
			};
			buildConfigurationList = EFA8C8202116605D00F179B9 /* Build configuration list for PBXProject "TravelistoV2" */;
			compatibilityVersion = "Xcode 9.3";
			developmentRegion = en;
			hasScannedForEncodings = 0;
			knownRegions = (
				en,
				Base,
			);
			mainGroup = EFA8C81C2116605D00F179B9;
			productRefGroup = EFA8C8262116605D00F179B9 /* Products */;
			projectDirPath = "";
			projectRoot = "";
			targets = (
				EFA8C8242116605D00F179B9 /* TravelistoV2 */,
			);
		};
/* End PBXProject section */

/* Begin PBXResourcesBuildPhase section */
		EFA8C8232116605D00F179B9 /* Resources */ = {
			isa = PBXResourcesBuildPhase;
			buildActionMask = 2147483647;
			files = (
				EF255FBC211BA7F400942F13 /* SF-Pro-Text-Medium.otf in Resources */,
				EF255FB8211BA7F400942F13 /* SF-Pro-Text-Light.otf in Resources */,
				EF255FB0211BA7F400942F13 /* SF-Pro-Display-SemiboldItalic.otf in Resources */,
				EFA8C8332116605F00F179B9 /* LaunchScreen.storyboard in Resources */,
				EF255FBD211BA7F400942F13 /* SF-Pro-Display-Light.otf in Resources */,
				EF255F7E21175F1F00942F13 /* GoogleService-Info.plist in Resources */,
				EF255FC0211BA7F400942F13 /* SF-Pro-Text-Regular.otf in Resources */,
				EF255FB2211BA7F400942F13 /* SF-Pro-Display-Black.otf in Resources */,
				EF255FB3211BA7F400942F13 /* SF-Pro-Text-RegularItalic.otf in Resources */,
				EFA8C8302116605F00F179B9 /* Assets.xcassets in Resources */,
				EF255FA7211BA7F400942F13 /* SF-Pro-Text-BoldItalic.otf in Resources */,
				EF255FAA211BA7F400942F13 /* SF-Pro-Display-RegularItalic.otf in Resources */,
				EF255FB7211BA7F400942F13 /* SF-Pro-Text-Bold.otf in Resources */,
				EF255FAB211BA7F400942F13 /* SF-Pro-Text-HeavyItalic.otf in Resources */,
				EF255FAE211BA7F400942F13 /* SF-Pro-Display-BoldItalic.otf in Resources */,
				EF255FAC211BA7F400942F13 /* SF-Pro-Display-MediumItalic.otf in Resources */,
				EF255FC4211BA7F400942F13 /* SF-Pro-Display-Medium.otf in Resources */,
				EF255FAD211BA7F400942F13 /* SF-Pro-Text-MediumItalic.otf in Resources */,
				EF255FBA211BA7F400942F13 /* SF-Pro-Display-Bold.otf in Resources */,
				EF255FB1211BA7F400942F13 /* SF-Pro-Text-LightItalic.otf in Resources */,
				EF255FC2211BA7F400942F13 /* SF-Pro-Display-Heavy.otf in Resources */,
				EF255FB4211BA7F400942F13 /* SF-Pro-Display-BlackItalic.otf in Resources */,
				EF255FC1211BA7F400942F13 /* SF-Pro-Text-SemiboldItalic.otf in Resources */,
				EF255FA8211BA7F400942F13 /* SF-Pro-Display-Regular.otf in Resources */,
				EF255FC3211BA7F400942F13 /* SF-Pro-Display-Thin.otf in Resources */,
				EF255FBF211BA7F400942F13 /* SF-Pro-Text-Semibold.otf in Resources */,
				EFA8C82E2116605D00F179B9 /* Main.storyboard in Resources */,
				EF255FB9211BA7F400942F13 /* SF-Pro-Text-Heavy.otf in Resources */,
				EF255FA9211BA7F400942F13 /* SF-Pro-Display-LightItalic.otf in Resources */,
				EF255FBE211BA7F400942F13 /* SF-Pro-Display-HeavyItalic.otf in Resources */,
				EF255FC6211BAB9900942F13 /* Colors.xcassets in Resources */,
				EF255FAF211BA7F400942F13 /* SF-Pro-Display-Ultralight.otf in Resources */,
				EF255FBB211BA7F400942F13 /* SF-Pro-Display-Semibold.otf in Resources */,
				EF255FB5211BA7F400942F13 /* SF-Pro-Display-ThinItalic.otf in Resources */,
				EF255FB6211BA7F400942F13 /* SF-Pro-Display-UltralightItalic.otf in Resources */,
			);
			runOnlyForDeploymentPostprocessing = 0;
		};
/* End PBXResourcesBuildPhase section */

/* Begin PBXShellScriptBuildPhase section */
		262D9F2F6D753E96C0471677 /* [CP] Embed Pods Frameworks */ = {
			isa = PBXShellScriptBuildPhase;
			buildActionMask = 2147483647;
			files = (
			);
			inputPaths = (
				"${SRCROOT}/Pods/Target Support Files/Pods-TravelistoV2/Pods-TravelistoV2-frameworks.sh",
				"${BUILT_PRODUCTS_DIR}/GTMSessionFetcher/GTMSessionFetcher.framework",
				"${BUILT_PRODUCTS_DIR}/GoogleToolboxForMac/GoogleToolboxForMac.framework",
				"${BUILT_PRODUCTS_DIR}/RevealingSplashView/RevealingSplashView.framework",
				"${BUILT_PRODUCTS_DIR}/SVProgressHUD/SVProgressHUD.framework",
				"${BUILT_PRODUCTS_DIR}/leveldb-library/leveldb.framework",
				"${BUILT_PRODUCTS_DIR}/nanopb/nanopb.framework",
			);
			name = "[CP] Embed Pods Frameworks";
			outputPaths = (
				"${TARGET_BUILD_DIR}/${FRAMEWORKS_FOLDER_PATH}/GTMSessionFetcher.framework",
				"${TARGET_BUILD_DIR}/${FRAMEWORKS_FOLDER_PATH}/GoogleToolboxForMac.framework",
				"${TARGET_BUILD_DIR}/${FRAMEWORKS_FOLDER_PATH}/RevealingSplashView.framework",
				"${TARGET_BUILD_DIR}/${FRAMEWORKS_FOLDER_PATH}/SVProgressHUD.framework",
				"${TARGET_BUILD_DIR}/${FRAMEWORKS_FOLDER_PATH}/leveldb.framework",
				"${TARGET_BUILD_DIR}/${FRAMEWORKS_FOLDER_PATH}/nanopb.framework",
			);
			runOnlyForDeploymentPostprocessing = 0;
			shellPath = /bin/sh;
			shellScript = "\"${SRCROOT}/Pods/Target Support Files/Pods-TravelistoV2/Pods-TravelistoV2-frameworks.sh\"\n";
			showEnvVarsInLog = 0;
		};
		AB1891D6859EB3CFC79B7D7B /* [CP] Check Pods Manifest.lock */ = {
			isa = PBXShellScriptBuildPhase;
			buildActionMask = 2147483647;
			files = (
			);
			inputPaths = (
				"${PODS_PODFILE_DIR_PATH}/Podfile.lock",
				"${PODS_ROOT}/Manifest.lock",
			);
			name = "[CP] Check Pods Manifest.lock";
			outputPaths = (
				"$(DERIVED_FILE_DIR)/Pods-TravelistoV2-checkManifestLockResult.txt",
			);
			runOnlyForDeploymentPostprocessing = 0;
			shellPath = /bin/sh;
			shellScript = "diff \"${PODS_PODFILE_DIR_PATH}/Podfile.lock\" \"${PODS_ROOT}/Manifest.lock\" > /dev/null\nif [ $? != 0 ] ; then\n    # print error to STDERR\n    echo \"error: The sandbox is not in sync with the Podfile.lock. Run 'pod install' or update your CocoaPods installation.\" >&2\n    exit 1\nfi\n# This output is used by Xcode 'outputs' to avoid re-running this script phase.\necho \"SUCCESS\" > \"${SCRIPT_OUTPUT_FILE_0}\"\n";
			showEnvVarsInLog = 0;
		};
/* End PBXShellScriptBuildPhase section */

/* Begin PBXSourcesBuildPhase section */
		EFA8C8212116605D00F179B9 /* Sources */ = {
			isa = PBXSourcesBuildPhase;
			buildActionMask = 2147483647;
			files = (
				EFA8C82B2116605D00F179B9 /* RevealingSplashViewController.swift in Sources */,
				EF255FCA211BBEFB00942F13 /* OnboardingViewController.swift in Sources */,
				EFA8C83D21172C7400F179B9 /* test.swift in Sources */,
				EF255FDB211C48F200942F13 /* ResetPasswordViewController.swift in Sources */,
				EF255FDD211C492700942F13 /* UIViewController+Extensions.swift in Sources */,
				EF255FE0211C4A4100942F13 /* CreateAccountViewController.swift in Sources */,
				EFA8C83B21172C6600F179B9 /* key.swift in Sources */,
				EF255FD8211C3AD300942F13 /* CustomTextField.swift in Sources */,
				EF255FCF211C226900942F13 /* CustomButton.swift in Sources */,
				EF255FD4211C2E6C00942F13 /* SignInViewController.swift in Sources */,
				EF255F7C21173E2B00942F13 /* test2.swift in Sources */,
				EF255FCC211BCE7100942F13 /* OnboardingCollectionViewCell.swift in Sources */,
				EFA8C8292116605D00F179B9 /* AppDelegate.swift in Sources */,
				EF255FE2211C6D4700942F13 /* AuthService.swift in Sources */,
			);
			runOnlyForDeploymentPostprocessing = 0;
		};
/* End PBXSourcesBuildPhase section */

/* Begin PBXVariantGroup section */
		EFA8C82C2116605D00F179B9 /* Main.storyboard */ = {
			isa = PBXVariantGroup;
			children = (
				EFA8C82D2116605D00F179B9 /* Base */,
			);
			name = Main.storyboard;
			sourceTree = "<group>";
		};
		EFA8C8312116605F00F179B9 /* LaunchScreen.storyboard */ = {
			isa = PBXVariantGroup;
			children = (
				EFA8C8322116605F00F179B9 /* Base */,
			);
			name = LaunchScreen.storyboard;
			sourceTree = "<group>";
		};
/* End PBXVariantGroup section */

/* Begin XCBuildConfiguration section */
		EFA8C8352116605F00F179B9 /* Debug */ = {
			isa = XCBuildConfiguration;
			buildSettings = {
				ALWAYS_SEARCH_USER_PATHS = NO;
				CLANG_ANALYZER_NONNULL = YES;
				CLANG_ANALYZER_NUMBER_OBJECT_CONVERSION = YES_AGGRESSIVE;
				CLANG_CXX_LANGUAGE_STANDARD = "gnu++14";
				CLANG_CXX_LIBRARY = "libc++";
				CLANG_ENABLE_MODULES = YES;
				CLANG_ENABLE_OBJC_ARC = YES;
				CLANG_ENABLE_OBJC_WEAK = YES;
				CLANG_WARN_BLOCK_CAPTURE_AUTORELEASING = YES;
				CLANG_WARN_BOOL_CONVERSION = YES;
				CLANG_WARN_COMMA = YES;
				CLANG_WARN_CONSTANT_CONVERSION = YES;
				CLANG_WARN_DEPRECATED_OBJC_IMPLEMENTATIONS = YES;
				CLANG_WARN_DIRECT_OBJC_ISA_USAGE = YES_ERROR;
				CLANG_WARN_DOCUMENTATION_COMMENTS = YES;
				CLANG_WARN_EMPTY_BODY = YES;
				CLANG_WARN_ENUM_CONVERSION = YES;
				CLANG_WARN_INFINITE_RECURSION = YES;
				CLANG_WARN_INT_CONVERSION = YES;
				CLANG_WARN_NON_LITERAL_NULL_CONVERSION = YES;
				CLANG_WARN_OBJC_IMPLICIT_RETAIN_SELF = YES;
				CLANG_WARN_OBJC_LITERAL_CONVERSION = YES;
				CLANG_WARN_OBJC_ROOT_CLASS = YES_ERROR;
				CLANG_WARN_RANGE_LOOP_ANALYSIS = YES;
				CLANG_WARN_STRICT_PROTOTYPES = YES;
				CLANG_WARN_SUSPICIOUS_MOVE = YES;
				CLANG_WARN_UNGUARDED_AVAILABILITY = YES_AGGRESSIVE;
				CLANG_WARN_UNREACHABLE_CODE = YES;
				CLANG_WARN__DUPLICATE_METHOD_MATCH = YES;
				CODE_SIGN_IDENTITY = "iPhone Developer";
				COPY_PHASE_STRIP = NO;
				DEBUG_INFORMATION_FORMAT = dwarf;
				ENABLE_STRICT_OBJC_MSGSEND = YES;
				ENABLE_TESTABILITY = YES;
				GCC_C_LANGUAGE_STANDARD = gnu11;
				GCC_DYNAMIC_NO_PIC = NO;
				GCC_NO_COMMON_BLOCKS = YES;
				GCC_OPTIMIZATION_LEVEL = 0;
				GCC_PREPROCESSOR_DEFINITIONS = (
					"DEBUG=1",
					"$(inherited)",
				);
				GCC_WARN_64_TO_32_BIT_CONVERSION = YES;
				GCC_WARN_ABOUT_RETURN_TYPE = YES_ERROR;
				GCC_WARN_UNDECLARED_SELECTOR = YES;
				GCC_WARN_UNINITIALIZED_AUTOS = YES_AGGRESSIVE;
				GCC_WARN_UNUSED_FUNCTION = YES;
				GCC_WARN_UNUSED_VARIABLE = YES;
				IPHONEOS_DEPLOYMENT_TARGET = 11.4;
				MTL_ENABLE_DEBUG_INFO = YES;
				ONLY_ACTIVE_ARCH = YES;
				SDKROOT = iphoneos;
				SWIFT_ACTIVE_COMPILATION_CONDITIONS = DEBUG;
				SWIFT_OPTIMIZATION_LEVEL = "-Onone";
			};
			name = Debug;
		};
		EFA8C8362116605F00F179B9 /* Release */ = {
			isa = XCBuildConfiguration;
			buildSettings = {
				ALWAYS_SEARCH_USER_PATHS = NO;
				CLANG_ANALYZER_NONNULL = YES;
				CLANG_ANALYZER_NUMBER_OBJECT_CONVERSION = YES_AGGRESSIVE;
				CLANG_CXX_LANGUAGE_STANDARD = "gnu++14";
				CLANG_CXX_LIBRARY = "libc++";
				CLANG_ENABLE_MODULES = YES;
				CLANG_ENABLE_OBJC_ARC = YES;
				CLANG_ENABLE_OBJC_WEAK = YES;
				CLANG_WARN_BLOCK_CAPTURE_AUTORELEASING = YES;
				CLANG_WARN_BOOL_CONVERSION = YES;
				CLANG_WARN_COMMA = YES;
				CLANG_WARN_CONSTANT_CONVERSION = YES;
				CLANG_WARN_DEPRECATED_OBJC_IMPLEMENTATIONS = YES;
				CLANG_WARN_DIRECT_OBJC_ISA_USAGE = YES_ERROR;
				CLANG_WARN_DOCUMENTATION_COMMENTS = YES;
				CLANG_WARN_EMPTY_BODY = YES;
				CLANG_WARN_ENUM_CONVERSION = YES;
				CLANG_WARN_INFINITE_RECURSION = YES;
				CLANG_WARN_INT_CONVERSION = YES;
				CLANG_WARN_NON_LITERAL_NULL_CONVERSION = YES;
				CLANG_WARN_OBJC_IMPLICIT_RETAIN_SELF = YES;
				CLANG_WARN_OBJC_LITERAL_CONVERSION = YES;
				CLANG_WARN_OBJC_ROOT_CLASS = YES_ERROR;
				CLANG_WARN_RANGE_LOOP_ANALYSIS = YES;
				CLANG_WARN_STRICT_PROTOTYPES = YES;
				CLANG_WARN_SUSPICIOUS_MOVE = YES;
				CLANG_WARN_UNGUARDED_AVAILABILITY = YES_AGGRESSIVE;
				CLANG_WARN_UNREACHABLE_CODE = YES;
				CLANG_WARN__DUPLICATE_METHOD_MATCH = YES;
				CODE_SIGN_IDENTITY = "iPhone Developer";
				COPY_PHASE_STRIP = NO;
				DEBUG_INFORMATION_FORMAT = "dwarf-with-dsym";
				ENABLE_NS_ASSERTIONS = NO;
				ENABLE_STRICT_OBJC_MSGSEND = YES;
				GCC_C_LANGUAGE_STANDARD = gnu11;
				GCC_NO_COMMON_BLOCKS = YES;
				GCC_WARN_64_TO_32_BIT_CONVERSION = YES;
				GCC_WARN_ABOUT_RETURN_TYPE = YES_ERROR;
				GCC_WARN_UNDECLARED_SELECTOR = YES;
				GCC_WARN_UNINITIALIZED_AUTOS = YES_AGGRESSIVE;
				GCC_WARN_UNUSED_FUNCTION = YES;
				GCC_WARN_UNUSED_VARIABLE = YES;
				IPHONEOS_DEPLOYMENT_TARGET = 11.4;
				MTL_ENABLE_DEBUG_INFO = NO;
				SDKROOT = iphoneos;
				SWIFT_COMPILATION_MODE = wholemodule;
				SWIFT_OPTIMIZATION_LEVEL = "-O";
				VALIDATE_PRODUCT = YES;
			};
			name = Release;
		};
		EFA8C8382116605F00F179B9 /* Debug */ = {
			isa = XCBuildConfiguration;
			baseConfigurationReference = BB5AA9B267CE4D8B9E57B38F /* Pods-TravelistoV2.debug.xcconfig */;
			buildSettings = {
				ASSETCATALOG_COMPILER_APPICON_NAME = AppIcon;
				CODE_SIGN_STYLE = Automatic;
				DEVELOPMENT_TEAM = 8V82X98L5Q;
				INFOPLIST_FILE = TravelistoV2/Info.plist;
				LD_RUNPATH_SEARCH_PATHS = "$(inherited) @executable_path/Frameworks";
				PRODUCT_BUNDLE_IDENTIFIER = com.gmail.travelistoApp.TravelistoV2;
				PRODUCT_NAME = "$(TARGET_NAME)";
				SWIFT_VERSION = 4.0;
				TARGETED_DEVICE_FAMILY = "1,2";
			};
			name = Debug;
		};
		EFA8C8392116605F00F179B9 /* Release */ = {
			isa = XCBuildConfiguration;
			baseConfigurationReference = C42EA45687200C73AB7EE5C8 /* Pods-TravelistoV2.release.xcconfig */;
			buildSettings = {
				ASSETCATALOG_COMPILER_APPICON_NAME = AppIcon;
				CODE_SIGN_STYLE = Automatic;
				DEVELOPMENT_TEAM = 8V82X98L5Q;
				INFOPLIST_FILE = TravelistoV2/Info.plist;
				LD_RUNPATH_SEARCH_PATHS = "$(inherited) @executable_path/Frameworks";
				PRODUCT_BUNDLE_IDENTIFIER = com.gmail.travelistoApp.TravelistoV2;
				PRODUCT_NAME = "$(TARGET_NAME)";
				SWIFT_VERSION = 4.0;
				TARGETED_DEVICE_FAMILY = "1,2";
			};
			name = Release;
		};
/* End XCBuildConfiguration section */

/* Begin XCConfigurationList section */
		EFA8C8202116605D00F179B9 /* Build configuration list for PBXProject "TravelistoV2" */ = {
			isa = XCConfigurationList;
			buildConfigurations = (
				EFA8C8352116605F00F179B9 /* Debug */,
				EFA8C8362116605F00F179B9 /* Release */,
			);
			defaultConfigurationIsVisible = 0;
			defaultConfigurationName = Release;
		};
		EFA8C8372116605F00F179B9 /* Build configuration list for PBXNativeTarget "TravelistoV2" */ = {
			isa = XCConfigurationList;
			buildConfigurations = (
				EFA8C8382116605F00F179B9 /* Debug */,
				EFA8C8392116605F00F179B9 /* Release */,
			);
			defaultConfigurationIsVisible = 0;
			defaultConfigurationName = Release;
		};
/* End XCConfigurationList section */
	};
	rootObject = EFA8C81D2116605D00F179B9 /* Project object */;
}
